
Microsoft Visual Studio Solution File, Format Version 12.00
# Visual Studio Version 16
VisualStudioVersion = 16.0.33130.400
MinimumVisualStudioVersion = 10.0.40219.1
Project("{FAE04EC0-301F-11D3-BF4B-00C04F79EFBC}") = "Web_Quan_Ao", "Web_Quan_Ao\Web_Quan_Ao.csproj", "{3608C635-C241-4B56-AA73-0DC91BA4C73B}"
EndProject
Global
	GlobalSection(SolutionConfigurationPlatforms) = preSolution
		Debug|Any CPU = Debug|Any CPU
		Release|Any CPU = Release|Any CPU
	EndGlobalSection
	GlobalSection(ProjectConfigurationPlatforms) = postSolution
		{3608C635-C241-4B56-AA73-0DC91BA4C73B}.Debug|Any CPU.ActiveCfg = Debug|Any CPU
		{3608C635-C241-4B56-AA73-0DC91BA4C73B}.Debug|Any CPU.Build.0 = Debug|Any CPU
		{3608C635-C241-4B56-AA73-0DC91BA4C73B}.Release|Any CPU.ActiveCfg = Release|Any CPU
		{3608C635-C241-4B56-AA73-0DC91BA4C73B}.Release|Any CPU.Build.0 = Release|Any CPU
	EndGlobalSection
	GlobalSection(SolutionProperties) = preSolution
		HideSolutionNode = FALSE
	EndGlobalSection
	GlobalSection(ExtensibilityGlobals) = postSolution
		SolutionGuid = {B7589CC2-1ABA-4681-BB94-557831943F15}
	EndGlobalSection
EndGlobal
